
Microsoft Visual Studio Solution File, Format Version 12.00
Project("{2150E333-8FDC-42A3-9474-1A3956D46DE8}") = "src", "src", "{827E0CD3-B72D-47B6-A68D-7590B98EB39B}"
EndProject
Project("{FAE04EC0-301F-11D3-BF4B-00C04F79EFBC}") = "AssistantEngineer.Api", "src\AssistantEngineer.Api\AssistantEngineer.Api.csproj", "{CBE1A78A-0F2C-478B-9502-4E3D009818CA}"
EndProject
Project("{FAE04EC0-301F-11D3-BF4B-00C04F79EFBC}") = "AssistantEngineer.Modules.Buildings", "src\AssistantEngineer.Modules.Buildings\AssistantEngineer.Modules.Buildings.csproj", "{2F1F0851-0B52-4BB1-A9EC-0071FF36B5B2}"
EndProject
Project("{FAE04EC0-301F-11D3-BF4B-00C04F79EFBC}") = "AssistantEngineer.SharedKernel", "src\AssistantEngineer.SharedKernel\AssistantEngineer.SharedKernel.csproj", "{949E8212-5465-47D9-8D58-6364C8817462}"
EndProject
Project("{FAE04EC0-301F-11D3-BF4B-00C04F79EFBC}") = "AssistantEngineer.Modules.Calculations", "src\AssistantEngineer.Modules.Calculations\AssistantEngineer.Modules.Calculations.csproj", "{04965A7D-30E4-4E60-B3B4-EE26FF2086FF}"
EndProject
Project("{FAE04EC0-301F-11D3-BF4B-00C04F79EFBC}") = "AssistantEngineer.Modules.Equipment", "src\AssistantEngineer.Modules.Equipment\AssistantEngineer.Modules.Equipment.csproj", "{F8801325-B522-472D-BBDA-F28052E9A3EE}"
EndProject
Project("{FAE04EC0-301F-11D3-BF4B-00C04F79EFBC}") = "AssistantEngineer.Modules.Reporting", "src\AssistantEngineer.Modules.Reporting\AssistantEngineer.Modules.Reporting.csproj", "{EF96DFEC-1CAE-4BFA-A138-CF5CD86B017E}"
EndProject
Project("{FAE04EC0-301F-11D3-BF4B-00C04F79EFBC}") = "AssistantEngineer.Modules.Benchmarks", "src\AssistantEngineer.Modules.Benchmarks\AssistantEngineer.Modules.Benchmarks.csproj", "{DB7B5D98-38FE-49E0-8F3C-7818E0082A8A}"
EndProject
Project("{FAE04EC0-301F-11D3-BF4B-00C04F79EFBC}") = "AssistantEngineer.Infrastructure", "src\AssistantEngineer.Infrastructure\AssistantEngineer.Infrastructure.csproj", "{B171C9DA-EA44-4343-B626-365B0C7D931F}"
EndProject
Project("{2150E333-8FDC-42A3-9474-1A3956D46DE8}") = "tests", "tests", "{0AB3BF05-4346-4AA6-1389-037BE0695223}"
EndProject
Project("{FAE04EC0-301F-11D3-BF4B-00C04F79EFBC}") = "AssistantEngineer.Tests", "tests\AssistantEngineer.Tests\AssistantEngineer.Tests.csproj", "{C23FEFA9-C12B-4712-B225-6699B47539CC}"
EndProject
Global
	GlobalSection(SolutionConfigurationPlatforms) = preSolution
		Debug|Any CPU = Debug|Any CPU
		Debug|x64 = Debug|x64
		Debug|x86 = Debug|x86
		Release|Any CPU = Release|Any CPU
		Release|x64 = Release|x64
		Release|x86 = Release|x86
	EndGlobalSection
	GlobalSection(ProjectConfigurationPlatforms) = postSolution
		{CBE1A78A-0F2C-478B-9502-4E3D009818CA}.Debug|Any CPU.ActiveCfg = Debug|Any CPU
		{CBE1A78A-0F2C-478B-9502-4E3D009818CA}.Debug|Any CPU.Build.0 = Debug|Any CPU
		{CBE1A78A-0F2C-478B-9502-4E3D009818CA}.Debug|x64.ActiveCfg = Debug|Any CPU
		{CBE1A78A-0F2C-478B-9502-4E3D009818CA}.Debug|x64.Build.0 = Debug|Any CPU
		{CBE1A78A-0F2C-478B-9502-4E3D009818CA}.Debug|x86.ActiveCfg = Debug|Any CPU
		{CBE1A78A-0F2C-478B-9502-4E3D009818CA}.Debug|x86.Build.0 = Debug|Any CPU
		{CBE1A78A-0F2C-478B-9502-4E3D009818CA}.Release|Any CPU.ActiveCfg = Release|Any CPU
		{CBE1A78A-0F2C-478B-9502-4E3D009818CA}.Release|Any CPU.Build.0 = Release|Any CPU
		{CBE1A78A-0F2C-478B-9502-4E3D009818CA}.Release|x64.ActiveCfg = Release|Any CPU
		{CBE1A78A-0F2C-478B-9502-4E3D009818CA}.Release|x64.Build.0 = Release|Any CPU
		{CBE1A78A-0F2C-478B-9502-4E3D009818CA}.Release|x86.ActiveCfg = Release|Any CPU
		{CBE1A78A-0F2C-478B-9502-4E3D009818CA}.Release|x86.Build.0 = Release|Any CPU
		{2F1F0851-0B52-4BB1-A9EC-0071FF36B5B2}.Debug|Any CPU.ActiveCfg = Debug|Any CPU
		{2F1F0851-0B52-4BB1-A9EC-0071FF36B5B2}.Debug|Any CPU.Build.0 = Debug|Any CPU
		{2F1F0851-0B52-4BB1-A9EC-0071FF36B5B2}.Debug|x64.ActiveCfg = Debug|Any CPU
		{2F1F0851-0B52-4BB1-A9EC-0071FF36B5B2}.Debug|x64.Build.0 = Debug|Any CPU
		{2F1F0851-0B52-4BB1-A9EC-0071FF36B5B2}.Debug|x86.ActiveCfg = Debug|Any CPU
		{2F1F0851-0B52-4BB1-A9EC-0071FF36B5B2}.Debug|x86.Build.0 = Debug|Any CPU
		{2F1F0851-0B52-4BB1-A9EC-0071FF36B5B2}.Release|Any CPU.ActiveCfg = Release|Any CPU
		{2F1F0851-0B52-4BB1-A9EC-0071FF36B5B2}.Release|Any CPU.Build.0 = Release|Any CPU
		{2F1F0851-0B52-4BB1-A9EC-0071FF36B5B2}.Release|x64.ActiveCfg = Release|Any CPU
		{2F1F0851-0B52-4BB1-A9EC-0071FF36B5B2}.Release|x64.Build.0 = Release|Any CPU
		{2F1F0851-0B52-4BB1-A9EC-0071FF36B5B2}.Release|x86.ActiveCfg = Release|Any CPU
		{2F1F0851-0B52-4BB1-A9EC-0071FF36B5B2}.Release|x86.Build.0 = Release|Any CPU
		{949E8212-5465-47D9-8D58-6364C8817462}.Debug|Any CPU.ActiveCfg = Debug|Any CPU
		{949E8212-5465-47D9-8D58-6364C8817462}.Debug|Any CPU.Build.0 = Debug|Any CPU
		{949E8212-5465-47D9-8D58-6364C8817462}.Debug|x64.ActiveCfg = Debug|Any CPU
		{949E8212-5465-47D9-8D58-6364C8817462}.Debug|x64.Build.0 = Debug|Any CPU
		{949E8212-5465-47D9-8D58-6364C8817462}.Debug|x86.ActiveCfg = Debug|Any CPU
		{949E8212-5465-47D9-8D58-6364C8817462}.Debug|x86.Build.0 = Debug|Any CPU
		{949E8212-5465-47D9-8D58-6364C8817462}.Release|Any CPU.ActiveCfg = Release|Any CPU
		{949E8212-5465-47D9-8D58-6364C8817462}.Release|Any CPU.Build.0 = Release|Any CPU
		{949E8212-5465-47D9-8D58-6364C8817462}.Release|x64.ActiveCfg = Release|Any CPU
		{949E8212-5465-47D9-8D58-6364C8817462}.Release|x64.Build.0 = Release|Any CPU
		{949E8212-5465-47D9-8D58-6364C8817462}.Release|x86.ActiveCfg = Release|Any CPU
		{949E8212-5465-47D9-8D58-6364C8817462}.Release|x86.Build.0 = Release|Any CPU
		{04965A7D-30E4-4E60-B3B4-EE26FF2086FF}.Debug|Any CPU.ActiveCfg = Debug|Any CPU
		{04965A7D-30E4-4E60-B3B4-EE26FF2086FF}.Debug|Any CPU.Build.0 = Debug|Any CPU
		{04965A7D-30E4-4E60-B3B4-EE26FF2086FF}.Debug|x64.ActiveCfg = Debug|Any CPU
		{04965A7D-30E4-4E60-B3B4-EE26FF2086FF}.Debug|x64.Build.0 = Debug|Any CPU
		{04965A7D-30E4-4E60-B3B4-EE26FF2086FF}.Debug|x86.ActiveCfg = Debug|Any CPU
		{04965A7D-30E4-4E60-B3B4-EE26FF2086FF}.Debug|x86.Build.0 = Debug|Any CPU
		{04965A7D-30E4-4E60-B3B4-EE26FF2086FF}.Release|Any CPU.ActiveCfg = Release|Any CPU
		{04965A7D-30E4-4E60-B3B4-EE26FF2086FF}.Release|Any CPU.Build.0 = Release|Any CPU
		{04965A7D-30E4-4E60-B3B4-EE26FF2086FF}.Release|x64.ActiveCfg = Release|Any CPU
		{04965A7D-30E4-4E60-B3B4-EE26FF2086FF}.Release|x64.Build.0 = Release|Any CPU
		{04965A7D-30E4-4E60-B3B4-EE26FF2086FF}.Release|x86.ActiveCfg = Release|Any CPU
		{04965A7D-30E4-4E60-B3B4-EE26FF2086FF}.Release|x86.Build.0 = Release|Any CPU
		{F8801325-B522-472D-BBDA-F28052E9A3EE}.Debug|Any CPU.ActiveCfg = Debug|Any CPU
		{F8801325-B522-472D-BBDA-F28052E9A3EE}.Debug|Any CPU.Build.0 = Debug|Any CPU
		{F8801325-B522-472D-BBDA-F28052E9A3EE}.Debug|x64.ActiveCfg = Debug|Any CPU
		{F8801325-B522-472D-BBDA-F28052E9A3EE}.Debug|x64.Build.0 = Debug|Any CPU
		{F8801325-B522-472D-BBDA-F28052E9A3EE}.Debug|x86.ActiveCfg = Debug|Any CPU
		{F8801325-B522-472D-BBDA-F28052E9A3EE}.Debug|x86.Build.0 = Debug|Any CPU
		{F8801325-B522-472D-BBDA-F28052E9A3EE}.Release|Any CPU.ActiveCfg = Release|Any CPU
		{F8801325-B522-472D-BBDA-F28052E9A3EE}.Release|Any CPU.Build.0 = Release|Any CPU
		{F8801325-B522-472D-BBDA-F28052E9A3EE}.Release|x64.ActiveCfg = Release|Any CPU
		{F8801325-B522-472D-BBDA-F28052E9A3EE}.Release|x64.Build.0 = Release|Any CPU
		{F8801325-B522-472D-BBDA-F28052E9A3EE}.Release|x86.ActiveCfg = Release|Any CPU
		{F8801325-B522-472D-BBDA-F28052E9A3EE}.Release|x86.Build.0 = Release|Any CPU
		{EF96DFEC-1CAE-4BFA-A138-CF5CD86B017E}.Debug|Any CPU.ActiveCfg = Debug|Any CPU
		{EF96DFEC-1CAE-4BFA-A138-CF5CD86B017E}.Debug|Any CPU.Build.0 = Debug|Any CPU
		{EF96DFEC-1CAE-4BFA-A138-CF5CD86B017E}.Debug|x64.ActiveCfg = Debug|Any CPU
		{EF96DFEC-1CAE-4BFA-A138-CF5CD86B017E}.Debug|x64.Build.0 = Debug|Any CPU
		{EF96DFEC-1CAE-4BFA-A138-CF5CD86B017E}.Debug|x86.ActiveCfg = Debug|Any CPU
		{EF96DFEC-1CAE-4BFA-A138-CF5CD86B017E}.Debug|x86.Build.0 = Debug|Any CPU
		{EF96DFEC-1CAE-4BFA-A138-CF5CD86B017E}.Release|Any CPU.ActiveCfg = Release|Any CPU
		{EF96DFEC-1CAE-4BFA-A138-CF5CD86B017E}.Release|Any CPU.Build.0 = Release|Any CPU
		{EF96DFEC-1CAE-4BFA-A138-CF5CD86B017E}.Release|x64.ActiveCfg = Release|Any CPU
		{EF96DFEC-1CAE-4BFA-A138-CF5CD86B017E}.Release|x64.Build.0 = Release|Any CPU
		{EF96DFEC-1CAE-4BFA-A138-CF5CD86B017E}.Release|x86.ActiveCfg = Release|Any CPU
		{EF96DFEC-1CAE-4BFA-A138-CF5CD86B017E}.Release|x86.Build.0 = Release|Any CPU
		{DB7B5D98-38FE-49E0-8F3C-7818E0082A8A}.Debug|Any CPU.ActiveCfg = Debug|Any CPU
		{DB7B5D98-38FE-49E0-8F3C-7818E0082A8A}.Debug|Any CPU.Build.0 = Debug|Any CPU
		{DB7B5D98-38FE-49E0-8F3C-7818E0082A8A}.Debug|x64.ActiveCfg = Debug|Any CPU
		{DB7B5D98-38FE-49E0-8F3C-7818E0082A8A}.Debug|x64.Build.0 = Debug|Any CPU
		{DB7B5D98-38FE-49E0-8F3C-7818E0082A8A}.Debug|x86.ActiveCfg = Debug|Any CPU
		{DB7B5D98-38FE-49E0-8F3C-7818E0082A8A}.Debug|x86.Build.0 = Debug|Any CPU
		{DB7B5D98-38FE-49E0-8F3C-7818E0082A8A}.Release|Any CPU.ActiveCfg = Release|Any CPU
		{DB7B5D98-38FE-49E0-8F3C-7818E0082A8A}.Release|Any CPU.Build.0 = Release|Any CPU
		{DB7B5D98-38FE-49E0-8F3C-7818E0082A8A}.Release|x64.ActiveCfg = Release|Any CPU
		{DB7B5D98-38FE-49E0-8F3C-7818E0082A8A}.Release|x64.Build.0 = Release|Any CPU
		{DB7B5D98-38FE-49E0-8F3C-7818E0082A8A}.Release|x86.ActiveCfg = Release|Any CPU
		{DB7B5D98-38FE-49E0-8F3C-7818E0082A8A}.Release|x86.Build.0 = Release|Any CPU
		{B171C9DA-EA44-4343-B626-365B0C7D931F}.Debug|Any CPU.ActiveCfg = Debug|Any CPU
		{B171C9DA-EA44-4343-B626-365B0C7D931F}.Debug|Any CPU.Build.0 = Debug|Any CPU
		{B171C9DA-EA44-4343-B626-365B0C7D931F}.Debug|x64.ActiveCfg = Debug|Any CPU
		{B171C9DA-EA44-4343-B626-365B0C7D931F}.Debug|x64.Build.0 = Debug|Any CPU
		{B171C9DA-EA44-4343-B626-365B0C7D931F}.Debug|x86.ActiveCfg = Debug|Any CPU
		{B171C9DA-EA44-4343-B626-365B0C7D931F}.Debug|x86.Build.0 = Debug|Any CPU
		{B171C9DA-EA44-4343-B626-365B0C7D931F}.Release|Any CPU.ActiveCfg = Release|Any CPU
		{B171C9DA-EA44-4343-B626-365B0C7D931F}.Release|Any CPU.Build.0 = Release|Any CPU
		{B171C9DA-EA44-4343-B626-365B0C7D931F}.Release|x64.ActiveCfg = Release|Any CPU
		{B171C9DA-EA44-4343-B626-365B0C7D931F}.Release|x64.Build.0 = Release|Any CPU
		{B171C9DA-EA44-4343-B626-365B0C7D931F}.Release|x86.ActiveCfg = Release|Any CPU
		{B171C9DA-EA44-4343-B626-365B0C7D931F}.Release|x86.Build.0 = Release|Any CPU
		{C23FEFA9-C12B-4712-B225-6699B47539CC}.Debug|Any CPU.ActiveCfg = Debug|Any CPU
		{C23FEFA9-C12B-4712-B225-6699B47539CC}.Debug|Any CPU.Build.0 = Debug|Any CPU
		{C23FEFA9-C12B-4712-B225-6699B47539CC}.Debug|x64.ActiveCfg = Debug|Any CPU
		{C23FEFA9-C12B-4712-B225-6699B47539CC}.Debug|x64.Build.0 = Debug|Any CPU
		{C23FEFA9-C12B-4712-B225-6699B47539CC}.Debug|x86.ActiveCfg = Debug|Any CPU
		{C23FEFA9-C12B-4712-B225-6699B47539CC}.Debug|x86.Build.0 = Debug|Any CPU
		{C23FEFA9-C12B-4712-B225-6699B47539CC}.Release|Any CPU.ActiveCfg = Release|Any CPU
		{C23FEFA9-C12B-4712-B225-6699B47539CC}.Release|Any CPU.Build.0 = Release|Any CPU
		{C23FEFA9-C12B-4712-B225-6699B47539CC}.Release|x64.ActiveCfg = Release|Any CPU
		{C23FEFA9-C12B-4712-B225-6699B47539CC}.Release|x64.Build.0 = Release|Any CPU
		{C23FEFA9-C12B-4712-B225-6699B47539CC}.Release|x86.ActiveCfg = Release|Any CPU
		{C23FEFA9-C12B-4712-B225-6699B47539CC}.Release|x86.Build.0 = Release|Any CPU
	EndGlobalSection
	GlobalSection(SolutionProperties) = preSolution
		HideSolutionNode = FALSE
	EndGlobalSection
	GlobalSection(NestedProjects) = preSolution
		{CBE1A78A-0F2C-478B-9502-4E3D009818CA} = {827E0CD3-B72D-47B6-A68D-7590B98EB39B}
		{2F1F0851-0B52-4BB1-A9EC-0071FF36B5B2} = {827E0CD3-B72D-47B6-A68D-7590B98EB39B}
		{949E8212-5465-47D9-8D58-6364C8817462} = {827E0CD3-B72D-47B6-A68D-7590B98EB39B}
		{04965A7D-30E4-4E60-B3B4-EE26FF2086FF} = {827E0CD3-B72D-47B6-A68D-7590B98EB39B}
		{F8801325-B522-472D-BBDA-F28052E9A3EE} = {827E0CD3-B72D-47B6-A68D-7590B98EB39B}
		{EF96DFEC-1CAE-4BFA-A138-CF5CD86B017E} = {827E0CD3-B72D-47B6-A68D-7590B98EB39B}
		{DB7B5D98-38FE-49E0-8F3C-7818E0082A8A} = {827E0CD3-B72D-47B6-A68D-7590B98EB39B}
		{B171C9DA-EA44-4343-B626-365B0C7D931F} = {827E0CD3-B72D-47B6-A68D-7590B98EB39B}
		{C23FEFA9-C12B-4712-B225-6699B47539CC} = {0AB3BF05-4346-4AA6-1389-037BE0695223}
	EndGlobalSection
EndGlobal
